
Microsoft Visual Studio Solution File, Format Version 12.00
# Visual Studio Version 16
VisualStudioVersion = 16.0.31410.357
MinimumVisualStudioVersion = 10.0.40219.1
Project("{FAE04EC0-301F-11D3-BF4B-00C04F79EFBC}") = "Is_Takıp", "Is_Takıp\Is_Takıp.csproj", "{36D7955F-B5E2-4267-93D5-527C93BE724A}"
EndProject
Global
	GlobalSection(SolutionConfigurationPlatforms) = preSolution
		Debug|Any CPU = Debug|Any CPU
		Release|Any CPU = Release|Any CPU
	EndGlobalSection
	GlobalSection(ProjectConfigurationPlatforms) = postSolution
		{36D7955F-B5E2-4267-93D5-527C93BE724A}.Debug|Any CPU.ActiveCfg = Debug|Any CPU
		{36D7955F-B5E2-4267-93D5-527C93BE724A}.Debug|Any CPU.Build.0 = Debug|Any CPU
		{36D7955F-B5E2-4267-93D5-527C93BE724A}.Release|Any CPU.ActiveCfg = Release|Any CPU
		{36D7955F-B5E2-4267-93D5-527C93BE724A}.Release|Any CPU.Build.0 = Release|Any CPU
	EndGlobalSection
	GlobalSection(SolutionProperties) = preSolution
		HideSolutionNode = FALSE
	EndGlobalSection
	GlobalSection(ExtensibilityGlobals) = postSolution
		SolutionGuid = {8A25E5FA-F694-4C1D-BAD1-A54E1CE5B2FA}
	EndGlobalSection
EndGlobal
